
Microsoft Visual Studio Solution File, Format Version 12.00
# Visual Studio 14
VisualStudioVersion = 14.0.24720.0
MinimumVisualStudioVersion = 10.0.40219.1
Project("{FAE04EC0-301F-11D3-BF4B-00C04F79EFBC}") = "DotNetWebIDE.Web", "DotNetWebIDE.Web\DotNetWebIDE.Web.csproj", "{4E3705AA-767A-4E6B-8A83-D2ADB3025A11}"
EndProject
Project("{FAE04EC0-301F-11D3-BF4B-00C04F79EFBC}") = "DotNetWebIDE.SolutionResolve", "DotNetWebIDE.SolutionResolve\DotNetWebIDE.SolutionResolve.csproj", "{17AE2B09-B6D3-4834-8C9A-81C8783F11C6}"
EndProject
Global
	GlobalSection(SolutionConfigurationPlatforms) = preSolution
		Debug|Any CPU = Debug|Any CPU
		Release|Any CPU = Release|Any CPU
	EndGlobalSection
	GlobalSection(ProjectConfigurationPlatforms) = postSolution
		{4E3705AA-767A-4E6B-8A83-D2ADB3025A11}.Debug|Any CPU.ActiveCfg = Debug|Any CPU
		{4E3705AA-767A-4E6B-8A83-D2ADB3025A11}.Debug|Any CPU.Build.0 = Debug|Any CPU
		{4E3705AA-767A-4E6B-8A83-D2ADB3025A11}.Release|Any CPU.ActiveCfg = Release|Any CPU
		{4E3705AA-767A-4E6B-8A83-D2ADB3025A11}.Release|Any CPU.Build.0 = Release|Any CPU
		{17AE2B09-B6D3-4834-8C9A-81C8783F11C6}.Debug|Any CPU.ActiveCfg = Debug|Any CPU
		{17AE2B09-B6D3-4834-8C9A-81C8783F11C6}.Debug|Any CPU.Build.0 = Debug|Any CPU
		{17AE2B09-B6D3-4834-8C9A-81C8783F11C6}.Release|Any CPU.ActiveCfg = Release|Any CPU
		{17AE2B09-B6D3-4834-8C9A-81C8783F11C6}.Release|Any CPU.Build.0 = Release|Any CPU
	EndGlobalSection
	GlobalSection(SolutionProperties) = preSolution
		HideSolutionNode = FALSE
	EndGlobalSection
EndGlobal
